
Microsoft Visual Studio Solution File, Format Version 12.00
# Visual Studio 14
VisualStudioVersion = 14.0.23107.0
MinimumVisualStudioVersion = 10.0.40219.1
Project("{FAE04EC0-301F-11D3-BF4B-00C04F79EFBC}") = "PatientPathology", "PatientPathology\PatientPathology.csproj", "{93AB0B91-AE4E-425F-8E3B-F4AC24C01E22}"
EndProject
Project("{FAE04EC0-301F-11D3-BF4B-00C04F79EFBC}") = "PatientPathology.Tests", "PatientPathology.Tests\PatientPathology.Tests.csproj", "{65208B54-77CA-4E88-BE92-0350E9736C5F}"
EndProject
Global
	GlobalSection(SolutionConfigurationPlatforms) = preSolution
		Debug|Any CPU = Debug|Any CPU
		Release|Any CPU = Release|Any CPU
	EndGlobalSection
	GlobalSection(ProjectConfigurationPlatforms) = postSolution
		{93AB0B91-AE4E-425F-8E3B-F4AC24C01E22}.Debug|Any CPU.ActiveCfg = Debug|Any CPU
		{93AB0B91-AE4E-425F-8E3B-F4AC24C01E22}.Debug|Any CPU.Build.0 = Debug|Any CPU
		{93AB0B91-AE4E-425F-8E3B-F4AC24C01E22}.Release|Any CPU.ActiveCfg = Release|Any CPU
		{93AB0B91-AE4E-425F-8E3B-F4AC24C01E22}.Release|Any CPU.Build.0 = Release|Any CPU
		{65208B54-77CA-4E88-BE92-0350E9736C5F}.Debug|Any CPU.ActiveCfg = Debug|Any CPU
		{65208B54-77CA-4E88-BE92-0350E9736C5F}.Debug|Any CPU.Build.0 = Debug|Any CPU
		{65208B54-77CA-4E88-BE92-0350E9736C5F}.Release|Any CPU.ActiveCfg = Release|Any CPU
		{65208B54-77CA-4E88-BE92-0350E9736C5F}.Release|Any CPU.Build.0 = Release|Any CPU
	EndGlobalSection
	GlobalSection(SolutionProperties) = preSolution
		HideSolutionNode = FALSE
	EndGlobalSection
EndGlobal
